github.com/spf13/pflag v1.0.10 h1:4EBh2KAYBwaONj6b2Ye1GiHfwjqyROoF4RwYO+vPwFk=
github.com/spf13/pflag v1.0.10/go.mod h1:McXfInJRrz4CZXVZOBLb0bTZqETkiAhM9Iw0y3An2Bg=
libvirt.org/go/libvirt v1.11010.0 h1:1EIh2x6qcRoIBBOvrgN62vq5FIpgUBrmGadprQ/4M0Y=
libvirt.org/go/libvirt v1.11010.0/go.mod h1:1WiFE8EjZfq+FCVog+rvr1yatKbKZ9FaFMZgEqxEJqQ=
